<?xml version="1.0" encoding="utf-8"?>
<Project ToolsVersion="4.0" xmlns="http://schemas.microsoft.com/developer/msbuild/2003">
  <ItemGroup>
    <Filter Include="editop">
      <UniqueIdentifier>{71854b5a-3a24-4123-84b3-bde493dbd08f}</UniqueIdentifier>
    </Filter>
    <Filter Include="view">
      <UniqueIdentifier>{0f0175dc-2b79-4619-be09-e4a08085f41a}</UniqueIdentifier>
    </Filter>
    <Filter Include="view\stage">
      <UniqueIdentifier>{985d60bc-484f-4c31-a6cb-95711b8cd200}</UniqueIdentifier>
    </Filter>
    <Filter Include="view\library">
      <UniqueIdentifier>{b92201bb-129c-4515-af1d-a2c85aad7930}</UniqueIdentifier>
    </Filter>
    <Filter Include="tools">
      <UniqueIdentifier>{8d1cee1e-867b-4e00-9660-10536525fe11}</UniqueIdentifier>
    </Filter>
    <Filter Include="view\detail">
      <UniqueIdentifier>{1b723a76-dc5a-4b61-a386-ecff073e8718}</UniqueIdentifier>
    </Filter>
    <Filter Include="view\detail\comp">
      <UniqueIdentifier>{99416825-d9bc-44bc-b3f3-ff663287c2c9}</UniqueIdentifier>
    </Filter>
    <Filter Include="dataset">
      <UniqueIdentifier>{cac92868-b9be-477e-a95c-ede1254db7b1}</UniqueIdentifier>
    </Filter>
    <Filter Include="editop\0.utility">
      <UniqueIdentifier>{07fe3b40-2df5-4d78-9a4f-25db6ab2037b}</UniqueIdentifier>
    </Filter>
    <Filter Include="editop\1.camera">
      <UniqueIdentifier>{baf10b1e-2ba3-4864-9779-813c75de03da}</UniqueIdentifier>
    </Filter>
    <Filter Include="editop\1.camera\state">
      <UniqueIdentifier>{d2a34a5a-8036-4518-ba23-09af7e805539}</UniqueIdentifier>
    </Filter>
    <Filter Include="editop\2.mesh">
      <UniqueIdentifier>{6fbaf418-2ac0-4e7c-aece-d72dec0d427b}</UniqueIdentifier>
    </Filter>
    <Filter Include="editop\2.mesh\utility">
      <UniqueIdentifier>{c08c2687-3930-4018-acfa-c35386f0b51a}</UniqueIdentifier>
    </Filter>
    <Filter Include="editop\2.mesh\0.base">
      <UniqueIdentifier>{833dbe9d-fb60-4051-be13-9dab6963d98d}</UniqueIdentifier>
    </Filter>
    <Filter Include="editop\2.mesh\1.vertex">
      <UniqueIdentifier>{f2600038-2350-49b5-ae2b-1ddd4d48bd82}</UniqueIdentifier>
    </Filter>
    <Filter Include="editop\2.mesh\2.edge">
      <UniqueIdentifier>{7159fb18-67f8-4872-b376-caa18d690fbc}</UniqueIdentifier>
    </Filter>
    <Filter Include="editop\2.mesh\3.face">
      <UniqueIdentifier>{aee9ce34-ee5d-41db-a43d-3c7f0523f3a1}</UniqueIdentifier>
    </Filter>
    <Filter Include="editop\2.mesh\4.polyhedron">
      <UniqueIdentifier>{f9138247-2e68-4f55-a932-2dcf9620bb43}</UniqueIdentifier>
    </Filter>
    <Filter Include="editop\3.model">
      <UniqueIdentifier>{8fab3924-6f57-4a87-aff4-ef8d05e6c911}</UniqueIdentifier>
    </Filter>
    <Filter Include="editop\4.node">
      <UniqueIdentifier>{e2eb3a50-15bf-4952-99a9-2094541352af}</UniqueIdentifier>
    </Filter>
    <Filter Include="editop\4.node\state">
      <UniqueIdentifier>{2d7788ec-fce3-48fe-a265-3e780842c96f}</UniqueIdentifier>
    </Filter>
    <Filter Include="gui">
      <UniqueIdentifier>{fde66802-dcd4-4eb1-8e5a-f40301f5a408}</UniqueIdentifier>
    </Filter>
    <Filter Include="view\toolbar">
      <UniqueIdentifier>{a3026fae-cb3d-4eae-b5bd-7793ad3bf594}</UniqueIdentifier>
    </Filter>
    <Filter Include="dataset\msg">
      <UniqueIdentifier>{edf06c26-d07b-471f-9995-f65a67a030b2}</UniqueIdentifier>
    </Filter>
    <Filter Include="editop\2.mesh\5.deform">
      <UniqueIdentifier>{4405fef7-be21-41f2-8864-0f98684f7aae}</UniqueIdentifier>
    </Filter>
    <Filter Include="editop\2.mesh\4.polyhedron\arrange">
      <UniqueIdentifier>{dee2a409-a053-4c58-8802-e197612b6479}</UniqueIdentifier>
    </Filter>
    <Filter Include="editop\2.mesh\4.polyhedron\arrange\state">
      <UniqueIdentifier>{c569e6e5-3301-4ddb-825c-9ce170fc7f38}</UniqueIdentifier>
    </Filter>
    <Filter Include="editop\2.mesh\4.polyhedron\draw">
      <UniqueIdentifier>{5ad6c545-bee1-4ad5-9f48-c574ea25505f}</UniqueIdentifier>
    </Filter>
    <Filter Include="editop\2.mesh\4.polyhedron\draw\state">
      <UniqueIdentifier>{c7dfab01-e026-4209-b304-c297be1f7743}</UniqueIdentifier>
    </Filter>
  </ItemGroup>
  <ItemGroup>
    <ClInclude Include="..\..\..\include\ee3\NodeRotateState.h">
      <Filter>editop\4.node\state</Filter>
    </ClInclude>
    <ClInclude Include="..\..\..\include\ee3\NodeTranslateState.h">
      <Filter>editop\4.node\state</Filter>
    </ClInclude>
    <ClInclude Include="..\..\..\include\ee3\NodeArrangeOP.h">
      <Filter>editop\4.node</Filter>
    </ClInclude>
    <ClInclude Include="..\..\..\include\ee3\NodeSelectOP.h">
      <Filter>editop\4.node</Filter>
    </ClInclude>
    <ClInclude Include="..\..\..\include\ee3\CamRotateState.h">
      <Filter>editop\1.camera\state</Filter>
    </ClInclude>
    <ClInclude Include="..\..\..\include\ee3\CamZoomState.h">
      <Filter>editop\1.camera\state</Filter>
    </ClInclude>
    <ClInclude Include="..\..\..\include\ee3\CamTranslateState.h">
      <Filter>editop\1.camera\state</Filter>
    </ClInclude>
    <ClInclude Include="..\..\..\include\ee3\Serializer.h">
      <Filter>tools</Filter>
    </ClInclude>
    <ClInclude Include="..\..\..\include\ee3\WxLibGeoPage.h">
      <Filter>view\library</Filter>
    </ClInclude>
    <ClInclude Include="..\..\..\include\ee3\WxStageCanvas.h">
      <Filter>view\stage</Filter>
    </ClInclude>
    <ClInclude Include="..\..\..\include\ee3\WxStageDropTarget.h">
      <Filter>view\stage</Filter>
    </ClInclude>
    <ClInclude Include="..\..\..\include\ee3\WorldTravelOP.h">
      <Filter>editop\1.camera</Filter>
    </ClInclude>
    <ClInclude Include="..\..\..\include\ee3\NodeRotateOP.h">
      <Filter>editop\4.node</Filter>
    </ClInclude>
    <ClInclude Include="..\..\..\include\ee3\NodeTranslateOP.h">
      <Filter>editop\4.node</Filter>
    </ClInclude>
    <ClInclude Include="..\..\..\include\ee3\CameraDriveOP.h">
      <Filter>editop\1.camera</Filter>
    </ClInclude>
    <ClInclude Include="..\..\..\include\ee3\MeshPointQuery.h">
      <Filter>editop\2.mesh\utility</Filter>
    </ClInclude>
    <ClInclude Include="..\..\..\include\ee3\VertexTranslateOP.h">
      <Filter>editop\2.mesh\1.vertex</Filter>
    </ClInclude>
    <ClInclude Include="..\..\..\include\ee3\VertexSelectOP.h">
      <Filter>editop\2.mesh\1.vertex</Filter>
    </ClInclude>
    <ClInclude Include="..\..\..\include\ee3\EdgeTranslateOP.h">
      <Filter>editop\2.mesh\2.edge</Filter>
    </ClInclude>
    <ClInclude Include="..\..\..\include\ee3\EdgeSelectOP.h">
      <Filter>editop\2.mesh\2.edge</Filter>
    </ClInclude>
    <ClInclude Include="..\..\..\include\ee3\MeshEditStyle.h">
      <Filter>editop\2.mesh\utility</Filter>
    </ClInclude>
    <ClInclude Include="..\..\..\include\ee3\BrushEdge.h">
      <Filter>editop\2.mesh\2.edge</Filter>
    </ClInclude>
    <ClInclude Include="..\..\..\include\ee3\FaceSelectOP.h">
      <Filter>editop\2.mesh\3.face</Filter>
    </ClInclude>
    <ClInclude Include="..\..\..\include\ee3\FaceTranslateOP.h">
      <Filter>editop\2.mesh\3.face</Filter>
    </ClInclude>
    <ClInclude Include="..\..\..\include\ee3\MeshSelectBaseOP.h">
      <Filter>editop\2.mesh\0.base</Filter>
    </ClInclude>
    <ClInclude Include="..\..\..\include\ee3\MeshTranslateBaseOP.h">
      <Filter>editop\2.mesh\0.base</Filter>
    </ClInclude>
    <ClInclude Include="..\..\..\include\ee3\CameraMgr.h">
      <Filter>dataset</Filter>
    </ClInclude>
    <ClInclude Include="..\..\..\include\ee3\MeshRayIntersect.h">
      <Filter>editop\2.mesh\utility</Filter>
    </ClInclude>
    <ClInclude Include="..\..\..\include\ee3\CameraFlyOP.h">
      <Filter>editop\1.camera</Filter>
    </ClInclude>
    <ClInclude Include="..\..\..\include\ee3\CameraMoveOP.h">
      <Filter>editop\1.camera</Filter>
    </ClInclude>
    <ClInclude Include="..\..\..\include\ee3\RotateAxisState.h">
      <Filter>editop\0.utility</Filter>
    </ClInclude>
    <ClInclude Include="..\..\..\include\ee3\WxTransformCtrl.h">
      <Filter>gui</Filter>
    </ClInclude>
    <ClInclude Include="..\..\..\include\ee3\WxCompTransformPanel.h">
      <Filter>view\detail\comp</Filter>
    </ClInclude>
    <ClInclude Include="..\..\..\include\ee3\TranslateAxisState.h">
      <Filter>editop\0.utility</Filter>
    </ClInclude>
    <ClInclude Include="..\..\..\include\ee3\SkeletonJointOP.h">
      <Filter>editop\3.model</Filter>
    </ClInclude>
    <ClInclude Include="..\..\..\include\ee3\SkeletonIKOP.h">
      <Filter>editop\3.model</Filter>
    </ClInclude>
    <ClInclude Include="..\..\..\include\ee3\WxSkeletalTreeCtrl.h">
      <Filter>view\toolbar</Filter>
    </ClInclude>
    <ClInclude Include="..\..\..\include\ee3\SkeletonSelectOp.h">
      <Filter>editop\3.model</Filter>
    </ClInclude>
    <ClInclude Include="..\..\..\include\ee3\MessageID.h">
      <Filter>dataset\msg</Filter>
    </ClInclude>
    <ClInclude Include="..\..\..\include\ee3\MsgHelper.h">
      <Filter>dataset\msg</Filter>
    </ClInclude>
    <ClInclude Include="..\..\..\include\ee3\WxMaterialPreview.h">
      <Filter>view\toolbar</Filter>
    </ClInclude>
    <ClInclude Include="..\..\..\include\ee3\MeshIKOP.h">
      <Filter>editop\2.mesh\5.deform</Filter>
    </ClInclude>
    <ClInclude Include="..\..\..\include\ee3\PolyArrangeOP.h">
      <Filter>editop\2.mesh\4.polyhedron\arrange</Filter>
    </ClInclude>
    <ClInclude Include="..\..\..\include\ee3\PolySelectOP.h">
      <Filter>editop\2.mesh\4.polyhedron\arrange</Filter>
    </ClInclude>
    <ClInclude Include="..\..\..\include\ee3\PolyTranslateState.h">
      <Filter>editop\2.mesh\4.polyhedron\arrange\state</Filter>
    </ClInclude>
    <ClInclude Include="..\..\..\include\ee3\FacePushPullState.h">
      <Filter>editop\2.mesh\4.polyhedron\draw\state</Filter>
    </ClInclude>
    <ClInclude Include="..\..\..\include\ee3\PolyBuildState.h">
      <Filter>editop\2.mesh\4.polyhedron\draw\state</Filter>
    </ClInclude>
    <ClInclude Include="..\..\..\include\ee3\PolyBuildOP.h">
      <Filter>editop\2.mesh\4.polyhedron\draw</Filter>
    </ClInclude>
  </ItemGroup>
  <ItemGroup>
    <ClCompile Include="..\..\..\source\editop\NodeRotateState.cpp">
      <Filter>editop\4.node\state</Filter>
    </ClCompile>
    <ClCompile Include="..\..\..\source\editop\NodeTranslateState.cpp">
      <Filter>editop\4.node\state</Filter>
    </ClCompile>
    <ClCompile Include="..\..\..\source\editop\NodeArrangeOP.cpp">
      <Filter>editop\4.node</Filter>
    </ClCompile>
    <ClCompile Include="..\..\..\source\editop\NodeSelectOP.cpp">
      <Filter>editop\4.node</Filter>
    </ClCompile>
    <ClCompile Include="..\..\..\source\editop\CamZoomState.cpp">
      <Filter>editop\1.camera\state</Filter>
    </ClCompile>
    <ClCompile Include="..\..\..\source\editop\CamTranslateState.cpp">
      <Filter>editop\1.camera\state</Filter>
    </ClCompile>
    <ClCompile Include="..\..\..\source\editop\CamRotateState.cpp">
      <Filter>editop\1.camera\state</Filter>
    </ClCompile>
    <ClCompile Include="..\..\..\source\tools\Serializer.cpp">
      <Filter>tools</Filter>
    </ClCompile>
    <ClCompile Include="..\..\..\source\view\WxLibGeoPage.cpp">
      <Filter>view\library</Filter>
    </ClCompile>
    <ClCompile Include="..\..\..\source\view\WxStageCanvas.cpp">
      <Filter>view\stage</Filter>
    </ClCompile>
    <ClCompile Include="..\..\..\source\view\WxStageDropTarget.cpp">
      <Filter>view\stage</Filter>
    </ClCompile>
    <ClCompile Include="..\..\..\source\editop\WorldTravelOP.cpp">
      <Filter>editop\1.camera</Filter>
    </ClCompile>
    <ClCompile Include="..\..\..\source\editop\NodeRotateOP.cpp">
      <Filter>editop\4.node</Filter>
    </ClCompile>
    <ClCompile Include="..\..\..\source\editop\NodeTranslateOP.cpp">
      <Filter>editop\4.node</Filter>
    </ClCompile>
    <ClCompile Include="..\..\..\source\editop\CameraDriveOP.cpp">
      <Filter>editop\1.camera</Filter>
    </ClCompile>
    <ClCompile Include="..\..\..\source\editop\MeshPointQuery.cpp">
      <Filter>editop\2.mesh\utility</Filter>
    </ClCompile>
    <ClCompile Include="..\..\..\source\editop\VertexTranslateOP.cpp">
      <Filter>editop\2.mesh\1.vertex</Filter>
    </ClCompile>
    <ClCompile Include="..\..\..\source\editop\VertexSelectOP.cpp">
      <Filter>editop\2.mesh\1.vertex</Filter>
    </ClCompile>
    <ClCompile Include="..\..\..\source\editop\EdgeTranslateOP.cpp">
      <Filter>editop\2.mesh\2.edge</Filter>
    </ClCompile>
    <ClCompile Include="..\..\..\source\editop\EdgeSelectOP.cpp">
      <Filter>editop\2.mesh\2.edge</Filter>
    </ClCompile>
    <ClCompile Include="..\..\..\source\editop\BrushEdge.cpp">
      <Filter>editop\2.mesh\2.edge</Filter>
    </ClCompile>
    <ClCompile Include="..\..\..\source\editop\FaceSelectOP.cpp">
      <Filter>editop\2.mesh\3.face</Filter>
    </ClCompile>
    <ClCompile Include="..\..\..\source\editop\FaceTranslateOP.cpp">
      <Filter>editop\2.mesh\3.face</Filter>
    </ClCompile>
    <ClCompile Include="..\..\..\source\dataset\CameraMgr.cpp">
      <Filter>dataset</Filter>
    </ClCompile>
    <ClCompile Include="..\..\..\source\editop\MeshRayIntersect.cpp">
      <Filter>editop\2.mesh\utility</Filter>
    </ClCompile>
    <ClCompile Include="..\..\..\source\editop\CameraFlyOP.cpp">
      <Filter>editop\1.camera</Filter>
    </ClCompile>
    <ClCompile Include="..\..\..\source\editop\CameraMoveOP.cpp">
      <Filter>editop\1.camera</Filter>
    </ClCompile>
    <ClCompile Include="..\..\..\source\editop\RotateAxisState.cpp">
      <Filter>editop\0.utility</Filter>
    </ClCompile>
    <ClCompile Include="..\..\..\source\gui\WxTransformCtrl.cpp">
      <Filter>gui</Filter>
    </ClCompile>
    <ClCompile Include="..\..\..\source\view\WxCompTransformPanel.cpp">
      <Filter>view\detail\comp</Filter>
    </ClCompile>
    <ClCompile Include="..\..\..\source\editop\TranslateAxisState.cpp">
      <Filter>editop\0.utility</Filter>
    </ClCompile>
    <ClCompile Include="..\..\..\source\editop\SkeletonJointOP.cpp">
      <Filter>editop\3.model</Filter>
    </ClCompile>
    <ClCompile Include="..\..\..\source\editop\SkeletonIKOP.cpp">
      <Filter>editop\3.model</Filter>
    </ClCompile>
    <ClCompile Include="..\..\..\source\view\WxSkeletalTreeCtrl.cpp">
      <Filter>view\toolbar</Filter>
    </ClCompile>
    <ClCompile Include="..\..\..\source\editop\SkeletonSelectOp.cpp">
      <Filter>editop\3.model</Filter>
    </ClCompile>
    <ClCompile Include="..\..\..\source\dataset\MsgHelper.cpp">
      <Filter>dataset\msg</Filter>
    </ClCompile>
    <ClCompile Include="..\..\..\source\view\WxMaterialPreview.cpp">
      <Filter>view\toolbar</Filter>
    </ClCompile>
    <ClCompile Include="..\..\..\source\editop\MeshIKOP.cpp">
      <Filter>editop\2.mesh\5.deform</Filter>
    </ClCompile>
    <ClCompile Include="..\..\..\source\editop\PolyArrangeOP.cpp">
      <Filter>editop\2.mesh\4.polyhedron\arrange</Filter>
    </ClCompile>
    <ClCompile Include="..\..\..\source\editop\PolySelectOP.cpp">
      <Filter>editop\2.mesh\4.polyhedron\arrange</Filter>
    </ClCompile>
    <ClCompile Include="..\..\..\source\editop\PolyTranslateState.cpp">
      <Filter>editop\2.mesh\4.polyhedron\arrange\state</Filter>
    </ClCompile>
    <ClCompile Include="..\..\..\source\editop\FacePushPullState.cpp">
      <Filter>editop\2.mesh\4.polyhedron\draw\state</Filter>
    </ClCompile>
    <ClCompile Include="..\..\..\source\editop\PolyBuildState.cpp">
      <Filter>editop\2.mesh\4.polyhedron\draw\state</Filter>
    </ClCompile>
    <ClCompile Include="..\..\..\source\editop\PolyBuildOP.cpp">
      <Filter>editop\2.mesh\4.polyhedron\draw</Filter>
    </ClCompile>
  </ItemGroup>
  <ItemGroup>
    <None Include="..\..\..\include\ee3\MeshSelectBaseOP.inl">
      <Filter>editop\2.mesh\0.base</Filter>
    </None>
    <None Include="..\..\..\include\ee3\MeshTranslateBaseOP.inl">
      <Filter>editop\2.mesh\0.base</Filter>
    </None>
  </ItemGroup>
</Project>